{
  "version": 4,
  "terraform_version": "0.14.0",
  "serial": 217,
  "lineage": "92b382f9-be75-6da6-bd2c-97674b1f284e",
  "outputs": {
    "kinesis_stream_arn": {
      "value": "arn:aws:kinesis:us-east-1:508215201202:stream/kin_lambda",
      "type": "string"
    }
  },
  "resources": [
    {
      "module": "module.kinesis_scaling",
      "mode": "data",
      "type": "aws_caller_identity",
      "name": "current",
      "provider": "module.kinesis_scaling.provider[\"registry.terraform.io/hashicorp/aws\"]",
      "instances": [
        {
          "schema_version": 0,
          "attributes": {
            "account_id": "508215201202",
            "arn": "arn:aws:sts::508215201202:assumed-role/AWSReservedSSO_AWSAdministratorAccess_f123e1a059dce37f/asingh@adaptavist.com",
            "id": "508215201202",
            "user_id": "AROAXMU74RWZPUDBP3XL7:asingh@adaptavist.com"
          },
          "sensitive_attributes": []
        }
      ]
    },
    {
      "module": "module.kinesis_scaling",
      "mode": "data",
      "type": "aws_iam_policy_document",
      "name": "kinesis_scaling_lambda_policy_document",
      "provider": "module.kinesis_scaling.provider[\"registry.terraform.io/hashicorp/aws\"]",
      "instances": [
        {
          "schema_version": 0,
          "attributes": {
            "id": "2642301874",
            "json": "{\n  \"Version\": \"2012-10-17\",\n  \"Statement\": [\n    {\n      \"Sid\": \"AllowCreateCloudWatchAlarms\",\n      \"Effect\": \"Allow\",\n      \"Action\": [\n        \"cloudwatch:TagResource\",\n        \"cloudwatch:SetAlarmState\",\n        \"cloudwatch:PutMetricData\",\n        \"cloudwatch:PutMetricAlarm\",\n        \"cloudwatch:ListTagsForResource\",\n        \"cloudwatch:ListMetrics\",\n        \"cloudwatch:GetMetricData\",\n        \"cloudwatch:DescribeAlarms\"\n      ],\n      \"Resource\": \"*\"\n    },\n    {\n      \"Sid\": \"AllowLoggingToCloudWatch\",\n      \"Effect\": \"Allow\",\n      \"Action\": [\n        \"logs:PutLogEvents\",\n        \"logs:CreateLogStream\",\n        \"logs:CreateLogGroup\"\n      ],\n      \"Resource\": \"*\"\n    },\n    {\n      \"Sid\": \"AllowReadFromKinesis\",\n      \"Effect\": \"Allow\",\n      \"Action\": [\n        \"kinesis:UpdateShardCount\",\n        \"kinesis:ListTagsForStream\",\n        \"kinesis:DescribeStreamSummary\",\n        \"kinesis:AddTagsToStream\"\n      ],\n      \"Resource\": \"arn:aws:kinesis:us-east-1:508215201202:stream/*\"\n    },\n    {\n      \"Sid\": \"AllowPublishToSNS\",\n      \"Effect\": \"Allow\",\n      \"Action\": \"sns:Publish\",\n      \"Resource\": \"arn:aws:sns:us-east-1:508215201202:*\"\n    },\n    {\n      \"Sid\": \"AllowChangeFunctionConcurrencyForLambda\",\n      \"Effect\": \"Allow\",\n      \"Action\": [\n        \"lambda:PutFunctionConcurrency\",\n        \"lambda:DeleteFunctionConcurrency\"\n      ],\n      \"Resource\": \"arn:aws:lambda:us-east-1:508215201202:function:*\"\n    }\n  ]\n}",
            "override_json": null,
            "override_policy_documents": null,
            "policy_id": null,
            "source_json": null,
            "source_policy_documents": null,
            "statement": [
              {
                "actions": [
                  "cloudwatch:DescribeAlarms",
                  "cloudwatch:GetMetricData",
                  "cloudwatch:ListMetrics",
                  "cloudwatch:ListTagsForResource",
                  "cloudwatch:PutMetricAlarm",
                  "cloudwatch:PutMetricData",
                  "cloudwatch:SetAlarmState",
                  "cloudwatch:TagResource"
                ],
                "condition": [],
                "effect": "Allow",
                "not_actions": [],
                "not_principals": [],
                "not_resources": [],
                "principals": [],
                "resources": [
                  "*"
                ],
                "sid": "AllowCreateCloudWatchAlarms"
              },
              {
                "actions": [
                  "logs:CreateLogGroup",
                  "logs:CreateLogStream",
                  "logs:PutLogEvents"
                ],
                "condition": [],
                "effect": "Allow",
                "not_actions": [],
                "not_principals": [],
                "not_resources": [],
                "principals": [],
                "resources": [
                  "*"
                ],
                "sid": "AllowLoggingToCloudWatch"
              },
              {
                "actions": [
                  "kinesis:AddTagsToStream",
                  "kinesis:DescribeStreamSummary",
                  "kinesis:ListTagsForStream",
                  "kinesis:UpdateShardCount"
                ],
                "condition": [],
                "effect": "Allow",
                "not_actions": [],
                "not_principals": [],
                "not_resources": [],
                "principals": [],
                "resources": [
                  "arn:aws:kinesis:us-east-1:508215201202:stream/*"
                ],
                "sid": "AllowReadFromKinesis"
              },
              {
                "actions": [
                  "sns:Publish"
                ],
                "condition": [],
                "effect": "Allow",
                "not_actions": [],
                "not_principals": [],
                "not_resources": [],
                "principals": [],
                "resources": [
                  "arn:aws:sns:us-east-1:508215201202:*"
                ],
                "sid": "AllowPublishToSNS"
              },
              {
                "actions": [
                  "lambda:DeleteFunctionConcurrency",
                  "lambda:PutFunctionConcurrency"
                ],
                "condition": [],
                "effect": "Allow",
                "not_actions": [],
                "not_principals": [],
                "not_resources": [],
                "principals": [],
                "resources": [
                  "arn:aws:lambda:us-east-1:508215201202:function:*"
                ],
                "sid": "AllowChangeFunctionConcurrencyForLambda"
              }
            ],
            "version": "2012-10-17"
          },
          "sensitive_attributes": []
        }
      ]
    },
    {
      "module": "module.kinesis_scaling",
      "mode": "data",
      "type": "aws_region",
      "name": "current",
      "provider": "module.kinesis_scaling.provider[\"registry.terraform.io/hashicorp/aws\"]",
      "instances": [
        {
          "schema_version": 0,
          "attributes": {
            "description": "US East (N. Virginia)",
            "endpoint": "ec2.us-east-1.amazonaws.com",
            "id": "us-east-1",
            "name": "us-east-1"
          },
          "sensitive_attributes": []
        }
      ]
    },
    {
      "module": "module.kinesis_scaling",
      "mode": "managed",
      "type": "aws_cloudwatch_metric_alarm",
      "name": "kinesis_scale_down",
      "provider": "module.kinesis_scaling.provider[\"registry.terraform.io/hashicorp/aws\"]",
      "instances": [
        {
          "schema_version": 1,
          "attributes": {
            "actions_enabled": true,
            "alarm_actions": [
              "arn:aws:sns:us-east-1:508215201202:kinesis-scaling-topic"
            ],
            "alarm_description": "Stream throughput has gone below the scale down threshold",
            "alarm_name": "kin_lambda-scale-down",
            "arn": "arn:aws:cloudwatch:us-east-1:508215201202:alarm:kin_lambda-scale-down",
            "comparison_operator": "LessThanThreshold",
            "datapoints_to_alarm": 5,
            "dimensions": null,
            "evaluate_low_sample_count_percentiles": "",
            "evaluation_periods": 5,
            "extended_statistic": "",
            "id": "kin_lambda-scale-down",
            "insufficient_data_actions": null,
            "metric_name": "",
            "metric_query": [
              {
                "account_id": "",
                "expression": "",
                "id": "m1",
                "label": "IncomingBytes",
                "metric": [
                  {
                    "dimensions": {
                      "StreamName": "kin_lambda"
                    },
                    "metric_name": "IncomingBytes",
                    "namespace": "AWS/Kinesis",
                    "period": 300,
                    "stat": "Sum",
                    "unit": ""
                  }
                ],
                "return_data": false
              },
              {
                "account_id": "",
                "expression": "",
                "id": "m2",
                "label": "IncomingRecords",
                "metric": [
                  {
                    "dimensions": {
                      "StreamName": "kin_lambda"
                    },
                    "metric_name": "IncomingRecords",
                    "namespace": "AWS/Kinesis",
                    "period": 300,
                    "stat": "Sum",
                    "unit": ""
                  }
                ],
                "return_data": false
              },
              {
                "account_id": "",
                "expression": "",
                "id": "m3",
                "label": "GetRecords.IteratorAgeMilliseconds",
                "metric": [
                  {
                    "dimensions": {
                      "StreamName": "kin_lambda"
                    },
                    "metric_name": "GetRecords.IteratorAgeMilliseconds",
                    "namespace": "AWS/Kinesis",
                    "period": 300,
                    "stat": "Maximum",
                    "unit": ""
                  }
                ],
                "return_data": false
              },
              {
                "account_id": "",
                "expression": "(FILL(m3,0)/1000/60)*(0.25/s2)",
                "id": "e5",
                "label": "IteratorAgeAdjustedFactor",
                "metric": [],
                "return_data": false
              },
              {
                "account_id": "",
                "expression": "30",
                "id": "s2",
                "label": "IteratorAgeMinutesToBlockScaledowns",
                "metric": [],
                "return_data": false
              },
              {
                "account_id": "",
                "expression": "5",
                "id": "s1",
                "label": "ShardCount",
                "metric": [],
                "return_data": false
              },
              {
                "account_id": "",
                "expression": "FILL(m1,0)",
                "id": "e1",
                "label": "FillMissingDataPointsWithZeroForIncomingBytes",
                "metric": [],
                "return_data": false
              },
              {
                "account_id": "",
                "expression": "FILL(m2,0)",
                "id": "e2",
                "label": "FillMissingDataPointsWithZeroForIncomingRecords",
                "metric": [],
                "return_data": false
              },
              {
                "account_id": "",
                "expression": "MAX([e3,e4,e5])",
                "id": "e6",
                "label": "MaxIncomingUsageFactor",
                "metric": [],
                "return_data": true
              },
              {
                "account_id": "",
                "expression": "e1/(1024*1024*60*5*s1)",
                "id": "e3",
                "label": "IncomingBytesUsageFactor",
                "metric": [],
                "return_data": false
              },
              {
                "account_id": "",
                "expression": "e2/(1000*60*5*s1)",
                "id": "e4",
                "label": "IncomingRecordsUsageFactor",
                "metric": [],
                "return_data": false
              }
            ],
            "namespace": "",
            "ok_actions": null,
            "period": 0,
            "statistic": "",
            "tags": null,
            "tags_all": {},
            "threshold": 0.25,
            "threshold_metric_id": "",
            "treat_missing_data": "missing",
            "unit": ""
          },
          "sensitive_attributes": [],
          "private": "eyJzY2hlbWFfdmVyc2lvbiI6IjEifQ==",
          "dependencies": [
            "module.kinesis_scaling.aws_kinesis_stream.autoscaling_kinesis_stream",
            "module.kinesis_scaling.aws_sns_topic.kinesis_scaling_sns_topic",
            "module.kinesis_scaling.data.aws_caller_identity.current",
            "module.kinesis_scaling.data.aws_region.current",
            "module.kinesis_scaling.module.scaling_kinesis.aws_cloudwatch_log_group.this",
            "module.kinesis_scaling.module.scaling_kinesis.aws_iam_policy.kms_policy",
            "module.kinesis_scaling.module.scaling_kinesis.aws_iam_policy.ssm_policy",
            "module.kinesis_scaling.module.scaling_kinesis.aws_iam_role.this",
            "module.kinesis_scaling.module.scaling_kinesis.aws_iam_role_policy_attachment.aws_xray_write_only_access",
            "module.kinesis_scaling.module.scaling_kinesis.aws_iam_role_policy_attachment.cloudwatch_logs_upload_permission",
            "module.kinesis_scaling.module.scaling_kinesis.aws_iam_role_policy_attachment.kms_policy_attachment",
            "module.kinesis_scaling.module.scaling_kinesis.aws_iam_role_policy_attachment.ssm_policy_attachment",
            "module.kinesis_scaling.module.scaling_kinesis.aws_iam_role_policy_attachment.vpc_attachment",
            "module.kinesis_scaling.module.scaling_kinesis.aws_lambda_function.this",
            "module.kinesis_scaling.module.scaling_kinesis.data.archive_file.this",
            "module.kinesis_scaling.module.scaling_kinesis.data.aws_caller_identity.this",
            "module.kinesis_scaling.module.scaling_kinesis.data.aws_iam_policy_document.assume_role_policy",
            "module.kinesis_scaling.module.scaling_kinesis.data.aws_iam_policy_document.kms_policy_document",
            "module.kinesis_scaling.module.scaling_kinesis.data.aws_iam_policy_document.ssm_policy_document"
          ]
        }
      ]
    },
    {
      "module": "module.kinesis_scaling",
      "mode": "managed",
      "type": "aws_cloudwatch_metric_alarm",
      "name": "kinesis_scale_up",
      "provider": "module.kinesis_scaling.provider[\"registry.terraform.io/hashicorp/aws\"]",
      "instances": [
        {
          "schema_version": 1,
          "attributes": {
            "actions_enabled": true,
            "alarm_actions": [
              "arn:aws:sns:us-east-1:508215201202:kinesis-scaling-topic"
            ],
            "alarm_description": "Stream throughput has gone above the scale up threshold",
            "alarm_name": "kin_lambda-scale-up",
            "arn": "arn:aws:cloudwatch:us-east-1:508215201202:alarm:kin_lambda-scale-up",
            "comparison_operator": "GreaterThanOrEqualToThreshold",
            "datapoints_to_alarm": 5,
            "dimensions": null,
            "evaluate_low_sample_count_percentiles": "",
            "evaluation_periods": 5,
            "extended_statistic": "",
            "id": "kin_lambda-scale-up",
            "insufficient_data_actions": null,
            "metric_name": "",
            "metric_query": [
              {
                "account_id": "",
                "expression": "",
                "id": "m1",
                "label": "IncomingBytes",
                "metric": [
                  {
                    "dimensions": {
                      "StreamName": "kin_lambda"
                    },
                    "metric_name": "IncomingBytes",
                    "namespace": "AWS/Kinesis",
                    "period": 300,
                    "stat": "Sum",
                    "unit": ""
                  }
                ],
                "return_data": false
              },
              {
                "account_id": "",
                "expression": "",
                "id": "m2",
                "label": "IncomingRecords",
                "metric": [
                  {
                    "dimensions": {
                      "StreamName": "kin_lambda"
                    },
                    "metric_name": "IncomingRecords",
                    "namespace": "AWS/Kinesis",
                    "period": 300,
                    "stat": "Sum",
                    "unit": ""
                  }
                ],
                "return_data": false
              },
              {
                "account_id": "",
                "expression": "5",
                "id": "s1",
                "label": "ShardCount",
                "metric": [],
                "return_data": false
              },
              {
                "account_id": "",
                "expression": "FILL(m1,0)",
                "id": "e1",
                "label": "FillMissingDataPointsWithZeroForIncomingBytes",
                "metric": [],
                "return_data": false
              },
              {
                "account_id": "",
                "expression": "FILL(m2,0)",
                "id": "e2",
                "label": "FillMissingDataPointsWithZeroForIncomingRecords",
                "metric": [],
                "return_data": false
              },
              {
                "account_id": "",
                "expression": "MAX([e3,e4])",
                "id": "e5",
                "label": "MaxIncomingUsageFactor",
                "metric": [],
                "return_data": true
              },
              {
                "account_id": "",
                "expression": "e1/(1024*1024*60*5*s1)",
                "id": "e3",
                "label": "IncomingBytesUsageFactor",
                "metric": [],
                "return_data": false
              },
              {
                "account_id": "",
                "expression": "e2/(1000*60*5*s1)",
                "id": "e4",
                "label": "IncomingRecordsUsageFactor",
                "metric": [],
                "return_data": false
              }
            ],
            "namespace": "",
            "ok_actions": null,
            "period": 0,
            "statistic": "",
            "tags": null,
            "tags_all": {},
            "threshold": 0.75,
            "threshold_metric_id": "",
            "treat_missing_data": "missing",
            "unit": ""
          },
          "sensitive_attributes": [],
          "private": "eyJzY2hlbWFfdmVyc2lvbiI6IjEifQ==",
          "dependencies": [
            "module.kinesis_scaling.aws_kinesis_stream.autoscaling_kinesis_stream",
            "module.kinesis_scaling.aws_sns_topic.kinesis_scaling_sns_topic",
            "module.kinesis_scaling.data.aws_caller_identity.current",
            "module.kinesis_scaling.data.aws_region.current",
            "module.kinesis_scaling.module.scaling_kinesis.aws_cloudwatch_log_group.this",
            "module.kinesis_scaling.module.scaling_kinesis.aws_iam_policy.kms_policy",
            "module.kinesis_scaling.module.scaling_kinesis.aws_iam_policy.ssm_policy",
            "module.kinesis_scaling.module.scaling_kinesis.aws_iam_role.this",
            "module.kinesis_scaling.module.scaling_kinesis.aws_iam_role_policy_attachment.aws_xray_write_only_access",
            "module.kinesis_scaling.module.scaling_kinesis.aws_iam_role_policy_attachment.cloudwatch_logs_upload_permission",
            "module.kinesis_scaling.module.scaling_kinesis.aws_iam_role_policy_attachment.kms_policy_attachment",
            "module.kinesis_scaling.module.scaling_kinesis.aws_iam_role_policy_attachment.ssm_policy_attachment",
            "module.kinesis_scaling.module.scaling_kinesis.aws_iam_role_policy_attachment.vpc_attachment",
            "module.kinesis_scaling.module.scaling_kinesis.aws_lambda_function.this",
            "module.kinesis_scaling.module.scaling_kinesis.data.archive_file.this",
            "module.kinesis_scaling.module.scaling_kinesis.data.aws_caller_identity.this",
            "module.kinesis_scaling.module.scaling_kinesis.data.aws_iam_policy_document.assume_role_policy",
            "module.kinesis_scaling.module.scaling_kinesis.data.aws_iam_policy_document.kms_policy_document",
            "module.kinesis_scaling.module.scaling_kinesis.data.aws_iam_policy_document.ssm_policy_document"
          ]
        }
      ]
    },
    {
      "module": "module.kinesis_scaling",
      "mode": "managed",
      "type": "aws_cloudwatch_metric_alarm",
      "name": "kinesis_scaling_fatal_errors",
      "provider": "module.kinesis_scaling.provider[\"registry.terraform.io/hashicorp/aws\"]",
      "instances": [
        {
          "schema_version": 1,
          "attributes": {
            "actions_enabled": true,
            "alarm_actions": null,
            "alarm_description": "This metric monitors fatal errors in the kinesis scaling lambda",
            "alarm_name": "kinesis-scaling-fatal-errors",
            "arn": "arn:aws:cloudwatch:us-east-1:508215201202:alarm:kinesis-scaling-fatal-errors",
            "comparison_operator": "GreaterThanThreshold",
            "datapoints_to_alarm": 0,
            "dimensions": {
              "FunctionName": "kinesis-scaling"
            },
            "evaluate_low_sample_count_percentiles": "",
            "evaluation_periods": 1,
            "extended_statistic": "",
            "id": "kinesis-scaling-fatal-errors",
            "insufficient_data_actions": null,
            "metric_name": "FATAL_ERROR_KINESIS_SCALING",
            "metric_query": [],
            "namespace": "AWS/Lambda",
            "ok_actions": null,
            "period": 60,
            "statistic": "Average",
            "tags": null,
            "tags_all": {},
            "threshold": 0,
            "threshold_metric_id": "",
            "treat_missing_data": "missing",
            "unit": ""
          },
          "sensitive_attributes": [],
          "private": "eyJzY2hlbWFfdmVyc2lvbiI6IjEifQ==",
          "dependencies": [
            "module.kinesis_scaling.data.aws_caller_identity.current",
            "module.kinesis_scaling.data.aws_region.current",
            "module.kinesis_scaling.module.scaling_kinesis.aws_iam_role.this",
            "module.kinesis_scaling.module.scaling_kinesis.aws_lambda_function.this",
            "module.kinesis_scaling.module.scaling_kinesis.data.archive_file.this",
            "module.kinesis_scaling.module.scaling_kinesis.data.aws_iam_policy_document.assume_role_policy"
          ]
        }
      ]
    },
    {
      "module": "module.kinesis_scaling",
      "mode": "managed",
      "type": "aws_iam_policy",
      "name": "kinesis_scaling_lambda_policy",
      "provider": "module.kinesis_scaling.provider[\"registry.terraform.io/hashicorp/aws\"]",
      "instances": [
        {
          "schema_version": 0,
          "attributes": {
            "arn": "arn:aws:iam::508215201202:policy/kinesis-scaling-policy",
            "description": "Policy for Central Logging Kinesis Auto-Scaling Lambda",
            "id": "arn:aws:iam::508215201202:policy/kinesis-scaling-policy",
            "name": "kinesis-scaling-policy",
            "name_prefix": null,
            "path": "/",
            "policy": "{\n  \"Version\": \"2012-10-17\",\n  \"Statement\": [\n    {\n      \"Sid\": \"AllowCreateCloudWatchAlarms\",\n      \"Effect\": \"Allow\",\n      \"Action\": [\n        \"cloudwatch:TagResource\",\n        \"cloudwatch:SetAlarmState\",\n        \"cloudwatch:PutMetricData\",\n        \"cloudwatch:PutMetricAlarm\",\n        \"cloudwatch:ListTagsForResource\",\n        \"cloudwatch:ListMetrics\",\n        \"cloudwatch:GetMetricData\",\n        \"cloudwatch:DescribeAlarms\"\n      ],\n      \"Resource\": \"*\"\n    },\n    {\n      \"Sid\": \"AllowLoggingToCloudWatch\",\n      \"Effect\": \"Allow\",\n      \"Action\": [\n        \"logs:PutLogEvents\",\n        \"logs:CreateLogStream\",\n        \"logs:CreateLogGroup\"\n      ],\n      \"Resource\": \"*\"\n    },\n    {\n      \"Sid\": \"AllowReadFromKinesis\",\n      \"Effect\": \"Allow\",\n      \"Action\": [\n        \"kinesis:UpdateShardCount\",\n        \"kinesis:ListTagsForStream\",\n        \"kinesis:DescribeStreamSummary\",\n        \"kinesis:AddTagsToStream\"\n      ],\n      \"Resource\": \"arn:aws:kinesis:us-east-1:508215201202:stream/*\"\n    },\n    {\n      \"Sid\": \"AllowPublishToSNS\",\n      \"Effect\": \"Allow\",\n      \"Action\": \"sns:Publish\",\n      \"Resource\": \"arn:aws:sns:us-east-1:508215201202:*\"\n    },\n    {\n      \"Sid\": \"AllowChangeFunctionConcurrencyForLambda\",\n      \"Effect\": \"Allow\",\n      \"Action\": [\n        \"lambda:PutFunctionConcurrency\",\n        \"lambda:DeleteFunctionConcurrency\"\n      ],\n      \"Resource\": \"arn:aws:lambda:us-east-1:508215201202:function:*\"\n    }\n  ]\n}",
            "policy_id": "ANPAXMU74RWZLZIIBW3FK",
            "tags": null,
            "tags_all": {}
          },
          "sensitive_attributes": [],
          "private": "bnVsbA==",
          "dependencies": [
            "module.kinesis_scaling.data.aws_iam_policy_document.kinesis_scaling_lambda_policy_document"
          ]
        }
      ]
    },
    {
      "module": "module.kinesis_scaling",
      "mode": "managed",
      "type": "aws_iam_role_policy_attachment",
      "name": "attach_kinesis_scaling_lambda_policy",
      "provider": "module.kinesis_scaling.provider[\"registry.terraform.io/hashicorp/aws\"]",
      "instances": [
        {
          "schema_version": 0,
          "attributes": {
            "id": "kinesis-scaling-20210912005638003100000002",
            "policy_arn": "arn:aws:iam::508215201202:policy/kinesis-scaling-policy",
            "role": "kinesis-scaling"
          },
          "sensitive_attributes": [],
          "private": "bnVsbA==",
          "dependencies": [
            "module.kinesis_scaling.aws_iam_policy.kinesis_scaling_lambda_policy",
            "module.kinesis_scaling.data.aws_iam_policy_document.kinesis_scaling_lambda_policy_document",
            "module.kinesis_scaling.data.aws_region.current",
            "module.kinesis_scaling.module.scaling_kinesis.aws_iam_role.this",
            "module.kinesis_scaling.module.scaling_kinesis.data.aws_iam_policy_document.assume_role_policy"
          ]
        }
      ]
    },
    {
      "module": "module.kinesis_scaling",
      "mode": "managed",
      "type": "aws_kinesis_stream",
      "name": "autoscaling_kinesis_stream",
      "provider": "module.kinesis_scaling.provider[\"registry.terraform.io/hashicorp/aws\"]",
      "instances": [
        {
          "schema_version": 1,
          "attributes": {
            "arn": "arn:aws:kinesis:us-east-1:508215201202:stream/kin_lambda",
            "encryption_type": "NONE",
            "enforce_consumer_deletion": false,
            "id": "arn:aws:kinesis:us-east-1:508215201202:stream/kin_lambda",
            "kms_key_id": "",
            "name": "kin_lambda",
            "retention_period": 24,
            "shard_count": 5,
            "shard_level_metrics": [
              "IncomingBytes"
            ],
            "tags": {
              "Avst:BusinessUnit": "product",
              "Avst:CostCenter": "connect-search-infra",
              "Avst:Product": "connect-search-infra",
              "Avst:Project": "connect-search-infra",
              "Avst:Service": "connect-search-infra",
              "Avst:Team": "platform"
            },
            "tags_all": {
              "Avst:BusinessUnit": "product",
              "Avst:CostCenter": "connect-search-infra",
              "Avst:Product": "connect-search-infra",
              "Avst:Project": "connect-search-infra",
              "Avst:Service": "connect-search-infra",
              "Avst:Team": "platform"
            },
            "timeouts": null
          },
          "sensitive_attributes": [],
          "private": "eyJlMmJmYjczMC1lY2FhLTExZTYtOGY4OC0zNDM2M2JjN2M0YzAiOnsiY3JlYXRlIjozMDAwMDAwMDAwMDAsImRlbGV0ZSI6NzIwMDAwMDAwMDAwMCwidXBkYXRlIjo3MjAwMDAwMDAwMDAwfSwic2NoZW1hX3ZlcnNpb24iOiIxIn0="
        }
      ]
    },
    {
      "module": "module.kinesis_scaling",
      "mode": "managed",
      "type": "aws_lambda_function_event_invoke_config",
      "name": "kinesis_scaling_function_async_config",
      "provider": "module.kinesis_scaling.provider[\"registry.terraform.io/hashicorp/aws\"]",
      "instances": [
        {
          "schema_version": 0,
          "attributes": {
            "destination_config": [],
            "function_name": "kinesis-scaling",
            "id": "kinesis-scaling",
            "maximum_event_age_in_seconds": 0,
            "maximum_retry_attempts": 0,
            "qualifier": ""
          },
          "sensitive_attributes": [],
          "private": "bnVsbA==",
          "dependencies": [
            "module.kinesis_scaling.data.aws_caller_identity.current",
            "module.kinesis_scaling.data.aws_region.current",
            "module.kinesis_scaling.module.scaling_kinesis.aws_iam_role.this",
            "module.kinesis_scaling.module.scaling_kinesis.aws_lambda_function.this",
            "module.kinesis_scaling.module.scaling_kinesis.data.archive_file.this",
            "module.kinesis_scaling.module.scaling_kinesis.data.aws_iam_policy_document.assume_role_policy"
          ]
        }
      ]
    },
    {
      "module": "module.kinesis_scaling",
      "mode": "managed",
      "type": "aws_lambda_permission",
      "name": "kinesis_scaling_sns_topic_permission",
      "provider": "module.kinesis_scaling.provider[\"registry.terraform.io/hashicorp/aws\"]",
      "instances": [
        {
          "schema_version": 0,
          "attributes": {
            "action": "lambda:InvokeFunction",
            "event_source_token": null,
            "function_name": "kinesis-scaling",
            "id": "AllowExecutionFromSNS",
            "principal": "sns.amazonaws.com",
            "qualifier": "",
            "source_account": null,
            "source_arn": "arn:aws:sns:us-east-1:508215201202:kinesis-scaling-topic",
            "statement_id": "AllowExecutionFromSNS",
            "statement_id_prefix": null
          },
          "sensitive_attributes": [],
          "private": "bnVsbA==",
          "dependencies": [
            "module.kinesis_scaling.aws_sns_topic.kinesis_scaling_sns_topic",
            "module.kinesis_scaling.data.aws_caller_identity.current",
            "module.kinesis_scaling.data.aws_region.current",
            "module.kinesis_scaling.module.scaling_kinesis.aws_iam_role.this",
            "module.kinesis_scaling.module.scaling_kinesis.aws_lambda_function.this",
            "module.kinesis_scaling.module.scaling_kinesis.data.archive_file.this",
            "module.kinesis_scaling.module.scaling_kinesis.data.aws_iam_policy_document.assume_role_policy"
          ]
        }
      ]
    },
    {
      "module": "module.kinesis_scaling",
      "mode": "managed",
      "type": "aws_sns_topic",
      "name": "kinesis_scaling_sns_topic",
      "provider": "module.kinesis_scaling.provider[\"registry.terraform.io/hashicorp/aws\"]",
      "instances": [
        {
          "schema_version": 0,
          "attributes": {
            "application_failure_feedback_role_arn": "",
            "application_success_feedback_role_arn": "",
            "application_success_feedback_sample_rate": null,
            "arn": "arn:aws:sns:us-east-1:508215201202:kinesis-scaling-topic",
            "content_based_deduplication": false,
            "delivery_policy": "",
            "display_name": "",
            "fifo_topic": false,
            "firehose_failure_feedback_role_arn": "",
            "firehose_success_feedback_role_arn": "",
            "firehose_success_feedback_sample_rate": null,
            "http_failure_feedback_role_arn": "",
            "http_success_feedback_role_arn": "",
            "http_success_feedback_sample_rate": null,
            "id": "arn:aws:sns:us-east-1:508215201202:kinesis-scaling-topic",
            "kms_master_key_id": "",
            "lambda_failure_feedback_role_arn": "",
            "lambda_success_feedback_role_arn": "",
            "lambda_success_feedback_sample_rate": null,
            "name": "kinesis-scaling-topic",
            "name_prefix": "",
            "owner": "508215201202",
            "policy": "{\"Version\":\"2008-10-17\",\"Id\":\"__default_policy_ID\",\"Statement\":[{\"Sid\":\"__default_statement_ID\",\"Effect\":\"Allow\",\"Principal\":{\"AWS\":\"*\"},\"Action\":[\"SNS:GetTopicAttributes\",\"SNS:SetTopicAttributes\",\"SNS:AddPermission\",\"SNS:RemovePermission\",\"SNS:DeleteTopic\",\"SNS:Subscribe\",\"SNS:ListSubscriptionsByTopic\",\"SNS:Publish\",\"SNS:Receive\"],\"Resource\":\"arn:aws:sns:us-east-1:508215201202:kinesis-scaling-topic\",\"Condition\":{\"StringEquals\":{\"AWS:SourceOwner\":\"508215201202\"}}}]}",
            "sqs_failure_feedback_role_arn": "",
            "sqs_success_feedback_role_arn": "",
            "sqs_success_feedback_sample_rate": null,
            "tags": null,
            "tags_all": {}
          },
          "sensitive_attributes": [],
          "private": "bnVsbA=="
        }
      ]
    },
    {
      "module": "module.kinesis_scaling",
      "mode": "managed",
      "type": "aws_sns_topic_subscription",
      "name": "kinesis_scaling_sns_topic_subscription",
      "provider": "module.kinesis_scaling.provider[\"registry.terraform.io/hashicorp/aws\"]",
      "instances": [
        {
          "schema_version": 0,
          "attributes": {
            "arn": "arn:aws:sns:us-east-1:508215201202:kinesis-scaling-topic:a263c05d-47c6-4721-8daf-fff9c52c43a5",
            "confirmation_timeout_in_minutes": 1,
            "confirmation_was_authenticated": true,
            "delivery_policy": "",
            "endpoint": "arn:aws:lambda:us-east-1:508215201202:function:kinesis-scaling",
            "endpoint_auto_confirms": false,
            "filter_policy": "",
            "id": "arn:aws:sns:us-east-1:508215201202:kinesis-scaling-topic:a263c05d-47c6-4721-8daf-fff9c52c43a5",
            "owner_id": "508215201202",
            "pending_confirmation": false,
            "protocol": "lambda",
            "raw_message_delivery": false,
            "redrive_policy": "",
            "subscription_role_arn": "",
            "topic_arn": "arn:aws:sns:us-east-1:508215201202:kinesis-scaling-topic"
          },
          "sensitive_attributes": [],
          "private": "bnVsbA==",
          "dependencies": [
            "module.kinesis_scaling.aws_sns_topic.kinesis_scaling_sns_topic",
            "module.kinesis_scaling.data.aws_caller_identity.current",
            "module.kinesis_scaling.data.aws_region.current",
            "module.kinesis_scaling.module.scaling_kinesis.aws_iam_role.this",
            "module.kinesis_scaling.module.scaling_kinesis.aws_lambda_function.this",
            "module.kinesis_scaling.module.scaling_kinesis.data.archive_file.this",
            "module.kinesis_scaling.module.scaling_kinesis.data.aws_iam_policy_document.assume_role_policy"
          ]
        }
      ]
    },
    {
      "module": "module.kinesis_scaling.module.scaling_kinesis",
      "mode": "data",
      "type": "archive_file",
      "name": "this",
      "provider": "provider[\"registry.terraform.io/hashicorp/archive\"]",
      "instances": [
        {
          "schema_version": 0,
          "attributes": {
            "excludes": null,
            "id": "128e8547244f18cba75263ab053fc24bd500308a",
            "output_base64sha256": "SY50Vqh1hShlul6JQfn33PCvolxw6/WqYVmx8MRKXOw=",
            "output_file_mode": null,
            "output_md5": "495884d030aad7bd33841778f49e2f92",
            "output_path": ".terraform/modules/kinesis_scaling.scaling_kinesis/namespace-stage-kinesis-scaling-kinesis-scaling.zip",
            "output_sha": "128e8547244f18cba75263ab053fc24bd500308a",
            "output_size": 6759251,
            "source": [],
            "source_content": null,
            "source_content_filename": null,
            "source_dir": "lambda/kinesis_scaling",
            "source_file": null,
            "type": "zip"
          },
          "sensitive_attributes": []
        }
      ]
    },
    {
      "module": "module.kinesis_scaling.module.scaling_kinesis",
      "mode": "data",
      "type": "aws_caller_identity",
      "name": "this",
      "provider": "module.kinesis_scaling.provider[\"registry.terraform.io/hashicorp/aws\"]",
      "instances": [
        {
          "schema_version": 0,
          "attributes": {
            "account_id": "508215201202",
            "arn": "arn:aws:sts::508215201202:assumed-role/AWSReservedSSO_AWSAdministratorAccess_f123e1a059dce37f/asingh@adaptavist.com",
            "id": "508215201202",
            "user_id": "AROAXMU74RWZPUDBP3XL7:asingh@adaptavist.com"
          },
          "sensitive_attributes": []
        }
      ]
    },
    {
      "module": "module.kinesis_scaling.module.scaling_kinesis",
      "mode": "data",
      "type": "aws_iam_policy_document",
      "name": "assume_role_policy",
      "provider": "module.kinesis_scaling.provider[\"registry.terraform.io/hashicorp/aws\"]",
      "instances": [
        {
          "schema_version": 0,
          "attributes": {
            "id": "3454655979",
            "json": "{\n  \"Version\": \"2012-10-17\",\n  \"Statement\": [\n    {\n      \"Sid\": \"\",\n      \"Effect\": \"Allow\",\n      \"Action\": \"sts:AssumeRole\",\n      \"Principal\": {\n        \"Service\": [\n          \"lambda.amazonaws.com\",\n          \"edgelambda.amazonaws.com\"\n        ]\n      }\n    }\n  ]\n}",
            "override_json": null,
            "override_policy_documents": null,
            "policy_id": null,
            "source_json": null,
            "source_policy_documents": null,
            "statement": [
              {
                "actions": [
                  "sts:AssumeRole"
                ],
                "condition": [],
                "effect": "Allow",
                "not_actions": [],
                "not_principals": [],
                "not_resources": [],
                "principals": [
                  {
                    "identifiers": [
                      "edgelambda.amazonaws.com",
                      "lambda.amazonaws.com"
                    ],
                    "type": "Service"
                  }
                ],
                "resources": [],
                "sid": ""
              }
            ],
            "version": "2012-10-17"
          },
          "sensitive_attributes": []
        }
      ]
    },
    {
      "module": "module.kinesis_scaling.module.scaling_kinesis",
      "mode": "data",
      "type": "aws_iam_policy_document",
      "name": "kms_policy_document",
      "provider": "module.kinesis_scaling.provider[\"registry.terraform.io/hashicorp/aws\"]",
      "instances": [
        {
          "schema_version": 0,
          "attributes": {
            "id": "3248097764",
            "json": "{\n  \"Version\": \"2012-10-17\",\n  \"Statement\": [\n    {\n      \"Sid\": \"\",\n      \"Effect\": \"Allow\",\n      \"Action\": \"kms:Decrypt\",\n      \"Resource\": \"\"\n    }\n  ]\n}",
            "override_json": null,
            "override_policy_documents": null,
            "policy_id": null,
            "source_json": null,
            "source_policy_documents": null,
            "statement": [
              {
                "actions": [
                  "kms:Decrypt"
                ],
                "condition": [],
                "effect": "Allow",
                "not_actions": [],
                "not_principals": [],
                "not_resources": [],
                "principals": [],
                "resources": [
                  ""
                ],
                "sid": ""
              }
            ],
            "version": "2012-10-17"
          },
          "sensitive_attributes": []
        }
      ]
    },
    {
      "module": "module.kinesis_scaling.module.scaling_kinesis",
      "mode": "managed",
      "type": "aws_cloudwatch_log_group",
      "name": "this",
      "provider": "module.kinesis_scaling.provider[\"registry.terraform.io/hashicorp/aws\"]",
      "instances": [
        {
          "index_key": 0,
          "schema_version": 0,
          "attributes": {
            "arn": "arn:aws:logs:us-east-1:508215201202:log-group:/aws/lambda/kinesis-scaling",
            "id": "/aws/lambda/kinesis-scaling",
            "kms_key_id": "",
            "name": "/aws/lambda/kinesis-scaling",
            "name_prefix": null,
            "retention_in_days": 14,
            "tags": {
              "Avst:BusinessUnit": "product",
              "Avst:CostCenter": "connect-search-infra",
              "Avst:Product": "connect-search-infra",
              "Avst:Project": "connect-search-infra",
              "Avst:Service": "connect-search-infra",
              "Avst:Team": "platform",
              "Name": "namespace-stage-kinesis-scaling",
              "Namespace": "namespace",
              "Stage": "stage"
            },
            "tags_all": {
              "Avst:BusinessUnit": "product",
              "Avst:CostCenter": "connect-search-infra",
              "Avst:Product": "connect-search-infra",
              "Avst:Project": "connect-search-infra",
              "Avst:Service": "connect-search-infra",
              "Avst:Team": "platform",
              "Name": "namespace-stage-kinesis-scaling",
              "Namespace": "namespace",
              "Stage": "stage"
            }
          },
          "sensitive_attributes": [],
          "private": "bnVsbA==",
          "dependencies": [
            "module.kinesis_scaling.data.aws_caller_identity.current",
            "module.kinesis_scaling.data.aws_region.current",
            "module.kinesis_scaling.module.scaling_kinesis.aws_iam_role.this",
            "module.kinesis_scaling.module.scaling_kinesis.aws_lambda_function.this",
            "module.kinesis_scaling.module.scaling_kinesis.data.archive_file.this",
            "module.kinesis_scaling.module.scaling_kinesis.data.aws_iam_policy_document.assume_role_policy"
          ]
        }
      ]
    },
    {
      "module": "module.kinesis_scaling.module.scaling_kinesis",
      "mode": "managed",
      "type": "aws_iam_role",
      "name": "this",
      "provider": "module.kinesis_scaling.provider[\"registry.terraform.io/hashicorp/aws\"]",
      "instances": [
        {
          "schema_version": 0,
          "attributes": {
            "arn": "arn:aws:iam::508215201202:role/kinesis-scaling",
            "assume_role_policy": "{\"Version\":\"2012-10-17\",\"Statement\":[{\"Sid\":\"\",\"Effect\":\"Allow\",\"Principal\":{\"Service\":[\"edgelambda.amazonaws.com\",\"lambda.amazonaws.com\"]},\"Action\":\"sts:AssumeRole\"}]}",
            "create_date": "2021-09-12T00:56:36Z",
            "description": "",
            "force_detach_policies": false,
            "id": "kinesis-scaling",
            "inline_policy": [
              {
                "name": "",
                "policy": ""
              }
            ],
            "managed_policy_arns": [],
            "max_session_duration": 3600,
            "name": "kinesis-scaling",
            "name_prefix": null,
            "path": "/",
            "permissions_boundary": null,
            "tags": {
              "Avst:BusinessUnit": "product",
              "Avst:CostCenter": "connect-search-infra",
              "Avst:Product": "connect-search-infra",
              "Avst:Project": "connect-search-infra",
              "Avst:Service": "connect-search-infra",
              "Avst:Team": "platform",
              "Name": "namespace-stage-kinesis-scaling",
              "Namespace": "namespace",
              "Stage": "stage"
            },
            "tags_all": {
              "Avst:BusinessUnit": "product",
              "Avst:CostCenter": "connect-search-infra",
              "Avst:Product": "connect-search-infra",
              "Avst:Project": "connect-search-infra",
              "Avst:Service": "connect-search-infra",
              "Avst:Team": "platform",
              "Name": "namespace-stage-kinesis-scaling",
              "Namespace": "namespace",
              "Stage": "stage"
            },
            "unique_id": "AROAXMU74RWZCUVR2S6F7"
          },
          "sensitive_attributes": [],
          "private": "bnVsbA==",
          "dependencies": [
            "module.kinesis_scaling.data.aws_region.current",
            "module.kinesis_scaling.module.scaling_kinesis.data.aws_iam_policy_document.assume_role_policy"
          ]
        }
      ]
    },
    {
      "module": "module.kinesis_scaling.module.scaling_kinesis",
      "mode": "managed",
      "type": "aws_iam_role_policy_attachment",
      "name": "cloudwatch_logs_upload_permission",
      "provider": "module.kinesis_scaling.provider[\"registry.terraform.io/hashicorp/aws\"]",
      "instances": [
        {
          "schema_version": 0,
          "attributes": {
            "id": "kinesis-scaling-20210912005637997300000001",
            "policy_arn": "arn:aws:iam::aws:policy/service-role/AWSLambdaBasicExecutionRole",
            "role": "kinesis-scaling"
          },
          "sensitive_attributes": [],
          "private": "bnVsbA==",
          "dependencies": [
            "module.kinesis_scaling.data.aws_region.current",
            "module.kinesis_scaling.module.scaling_kinesis.aws_iam_role.this",
            "module.kinesis_scaling.module.scaling_kinesis.data.aws_iam_policy_document.assume_role_policy"
          ]
        }
      ]
    },
    {
      "module": "module.kinesis_scaling.module.scaling_kinesis",
      "mode": "managed",
      "type": "aws_iam_role_policy_attachment",
      "name": "vpc_attachment",
      "provider": "module.kinesis_scaling.provider[\"registry.terraform.io/hashicorp/aws\"]",
      "instances": [
        {
          "index_key": 0,
          "schema_version": 0,
          "attributes": {
            "id": "kinesis-scaling-20210912005638031700000003",
            "policy_arn": "arn:aws:iam::aws:policy/service-role/AWSLambdaVPCAccessExecutionRole",
            "role": "kinesis-scaling"
          },
          "sensitive_attributes": [],
          "private": "bnVsbA==",
          "dependencies": [
            "module.kinesis_scaling.data.aws_region.current",
            "module.kinesis_scaling.module.scaling_kinesis.aws_iam_role.this",
            "module.kinesis_scaling.module.scaling_kinesis.data.aws_iam_policy_document.assume_role_policy"
          ]
        }
      ]
    },
    {
      "module": "module.kinesis_scaling.module.scaling_kinesis",
      "mode": "managed",
      "type": "aws_lambda_function",
      "name": "this",
      "provider": "module.kinesis_scaling.provider[\"registry.terraform.io/hashicorp/aws\"]",
      "instances": [
        {
          "schema_version": 0,
          "attributes": {
            "arn": "arn:aws:lambda:us-east-1:508215201202:function:kinesis-scaling",
            "code_signing_config_arn": "",
            "dead_letter_config": [],
            "description": "lambda",
            "environment": [
              {
                "variables": {
                  "DRY_RUN": "false",
                  "PROCESSING_LAMBDAS_PER_SHARD": "5",
                  "PROCESSING_LAMBDA_ARN": "arn:aws:lambda:us-east-1:508215201202:function:kinesis-scaling",
                  "SCALE_DOWN_DATAPOINTS_REQUIRED": "5",
                  "SCALE_DOWN_EVALUATION_PERIOD": "5",
                  "SCALE_DOWN_MIN_ITER_AGE_MINS": "30",
                  "SCALE_DOWN_THRESHOLD": "0.25",
                  "SCALE_PERIOD_MINS": "5",
                  "SCALE_UP_DATAPOINTS_REQUIRED": "5",
                  "SCALE_UP_EVALUATION_PERIOD": "5",
                  "SCALE_UP_THRESHOLD": "0.75",
                  "THROTTLE_RETRY_COUNT": "30",
                  "THROTTLE_RETRY_MAX_SLEEP": "3",
                  "THROTTLE_RETRY_MIN_SLEEP": "1"
                }
              }
            ],
            "file_system_config": [],
            "filename": ".terraform/modules/kinesis_scaling.scaling_kinesis/namespace-stage-kinesis-scaling-kinesis-scaling.zip",
            "function_name": "kinesis-scaling",
            "handler": "main",
            "id": "kinesis-scaling",
            "image_config": [],
            "image_uri": "",
            "invoke_arn": "arn:aws:apigateway:us-east-1:lambda:path/2015-03-31/functions/arn:aws:lambda:us-east-1:508215201202:function:kinesis-scaling/invocations",
            "kms_key_arn": "",
            "last_modified": "2021-09-12T00:56:52.564+0000",
            "layers": null,
            "memory_size": 512,
            "package_type": "Zip",
            "publish": false,
            "qualified_arn": "arn:aws:lambda:us-east-1:508215201202:function:kinesis-scaling:$LATEST",
            "reserved_concurrent_executions": 1,
            "role": "arn:aws:iam::508215201202:role/kinesis-scaling",
            "runtime": "go1.x",
            "s3_bucket": null,
            "s3_key": null,
            "s3_object_version": null,
            "signing_job_arn": "",
            "signing_profile_version_arn": "",
            "source_code_hash": "SY50Vqh1hShlul6JQfn33PCvolxw6/WqYVmx8MRKXOw=",
            "source_code_size": 6759251,
            "tags": {
              "Avst:BusinessUnit": "product",
              "Avst:CostCenter": "connect-search-infra",
              "Avst:Product": "connect-search-infra",
              "Avst:Project": "connect-search-infra",
              "Avst:Service": "connect-search-infra",
              "Avst:Team": "platform",
              "Name": "namespace-stage-kinesis-scaling",
              "Namespace": "namespace",
              "Stage": "stage"
            },
            "tags_all": {
              "Avst:BusinessUnit": "product",
              "Avst:CostCenter": "connect-search-infra",
              "Avst:Product": "connect-search-infra",
              "Avst:Project": "connect-search-infra",
              "Avst:Service": "connect-search-infra",
              "Avst:Team": "platform",
              "Name": "namespace-stage-kinesis-scaling",
              "Namespace": "namespace",
              "Stage": "stage"
            },
            "timeout": 900,
            "timeouts": null,
            "tracing_config": [
              {
                "mode": "PassThrough"
              }
            ],
            "version": "$LATEST",
            "vpc_config": []
          },
          "sensitive_attributes": [],
          "private": "eyJlMmJmYjczMC1lY2FhLTExZTYtOGY4OC0zNDM2M2JjN2M0YzAiOnsiY3JlYXRlIjo2MDAwMDAwMDAwMDB9fQ==",
          "dependencies": [
            "module.kinesis_scaling.data.aws_caller_identity.current",
            "module.kinesis_scaling.data.aws_region.current",
            "module.kinesis_scaling.module.scaling_kinesis.aws_iam_role.this",
            "module.kinesis_scaling.module.scaling_kinesis.data.archive_file.this",
            "module.kinesis_scaling.module.scaling_kinesis.data.aws_iam_policy_document.assume_role_policy"
          ]
        }
      ]
    }
  ]
}
